
Microsoft Visual Studio Solution File, Format Version 12.00
# Visual Studio 15
VisualStudioVersion = 15.0.28010.2046
MinimumVisualStudioVersion = 10.0.40219.1
Project("{FAE04EC0-301F-11D3-BF4B-00C04F79EFBC}") = "KolibriScript", "KolibriScript\KolibriScript.csproj", "{07A11485-E4A2-42BC-AB47-DDB5DDF72E14}"
EndProject
Global
	GlobalSection(SolutionConfigurationPlatforms) = preSolution
		Debug|Any CPU = Debug|Any CPU
		Release|Any CPU = Release|Any CPU
	EndGlobalSection
	GlobalSection(ProjectConfigurationPlatforms) = postSolution
		{07A11485-E4A2-42BC-AB47-DDB5DDF72E14}.Debug|Any CPU.ActiveCfg = Debug|Any CPU
		{07A11485-E4A2-42BC-AB47-DDB5DDF72E14}.Debug|Any CPU.Build.0 = Debug|Any CPU
		{07A11485-E4A2-42BC-AB47-DDB5DDF72E14}.Release|Any CPU.ActiveCfg = Release|Any CPU
		{07A11485-E4A2-42BC-AB47-DDB5DDF72E14}.Release|Any CPU.Build.0 = Release|Any CPU
	EndGlobalSection
	GlobalSection(SolutionProperties) = preSolution
		HideSolutionNode = FALSE
	EndGlobalSection
	GlobalSection(ExtensibilityGlobals) = postSolution
		SolutionGuid = {07D72168-0AE0-4A81-9665-066595E64CF5}
	EndGlobalSection
EndGlobal
